{
  "pins" : [
    {
      "identity" : "session-replica-kit",
      "kind" : "remoteSourceControl",
      "location" : "https://github.com/rajatslakhina/session-replica-kit.git",
      "state" : {
        "revision" : "fe864142ee665524012e337221fdd6c232f49874",
        "version" : "2.0.0"
      }
    }
  ],
  "version" : 2
}
